
Microsoft Visual Studio Solution File, Format Version 12.00
# Visual Studio 14
VisualStudioVersion = 14.0.25420.1
MinimumVisualStudioVersion = 10.0.40219.1
Project("{FAE04EC0-301F-11D3-BF4B-00C04F79EFBC}") = "TasksManager.Api", "TasksManager.Api\TasksManager.Api.csproj", "{D64BEF76-0813-4788-8A41-69AF8F880B07}"
EndProject
Project("{2150E333-8FDC-42A3-9474-1A3956D46DE8}") = "0 - Presentation", "0 - Presentation", "{8681E4F9-36A0-41DF-B77D-A3D4E7E14310}"
EndProject
Project("{2150E333-8FDC-42A3-9474-1A3956D46DE8}") = "1 - Applicaiton", "1 - Applicaiton", "{B880D168-1B90-4DD4-91D0-E305170245FE}"
EndProject
Project("{2150E333-8FDC-42A3-9474-1A3956D46DE8}") = "2 - Domain", "2 - Domain", "{431641AD-C5C5-4030-B12E-B5E3B6730EDE}"
EndProject
Project("{2150E333-8FDC-42A3-9474-1A3956D46DE8}") = "3 - Infra", "3 - Infra", "{261BAA47-A8B7-4F54-A506-875A775EE839}"
EndProject
Project("{2150E333-8FDC-42A3-9474-1A3956D46DE8}") = "3.1 - Database", "3.1 - Database", "{55DF9459-A2B0-4A54-BA96-3B2ABA616032}"
EndProject
Project("{2150E333-8FDC-42A3-9474-1A3956D46DE8}") = "3.2 - CrossCutting", "3.2 - CrossCutting", "{538A3682-C14D-4D4E-8659-7FA2869DEC7B}"
EndProject
Project("{2150E333-8FDC-42A3-9474-1A3956D46DE8}") = "4 - Tests", "4 - Tests", "{897E5A52-50D0-4A6D-A019-727311B902CC}"
EndProject
Project("{FAE04EC0-301F-11D3-BF4B-00C04F79EFBC}") = "TasksManager.Infra.Cc.IoC", "TasksManager.Infra.Cc.IoC\TasksManager.Infra.Cc.IoC.csproj", "{689686E4-A485-428E-B614-16DF4C92A11A}"
EndProject
Project("{FAE04EC0-301F-11D3-BF4B-00C04F79EFBC}") = "TasksManager.Domain", "TasksManager.Domain\TasksManager.Domain.csproj", "{383307C4-31C8-4781-A148-D2666ED55CCB}"
EndProject
Project("{FAE04EC0-301F-11D3-BF4B-00C04F79EFBC}") = "TasksManager.Infra.Data", "TasksManager.Infra.Data\TasksManager.Infra.Data.csproj", "{73EFEEFB-B063-4244-91C6-53AE16BB491F}"
EndProject
Project("{FAE04EC0-301F-11D3-BF4B-00C04F79EFBC}") = "TasksManager.Infra.Cc.Validators", "TasksManager.Infra.Cc.Validators\TasksManager.Infra.Cc.Validators.csproj", "{A4D601DD-FE7A-4B25-8906-8BEEF452C92C}"
EndProject
Project("{FAE04EC0-301F-11D3-BF4B-00C04F79EFBC}") = "TasksManager.Application", "TasksManager.Application\TasksManager.Application.csproj", "{FBFEF5F1-6B27-48B4-945D-443F14C887FA}"
EndProject
Project("{FAE04EC0-301F-11D3-BF4B-00C04F79EFBC}") = "TasksManager.Infra.Cc.Cryptographic", "TasksManager.Infra.Cc.Cryptographic\TasksManager.Infra.Cc.Cryptographic.csproj", "{ABD6A6A0-E45B-49DC-8E6B-9CCA0B590532}"
EndProject
Project("{FAE04EC0-301F-11D3-BF4B-00C04F79EFBC}") = "TasksManager.Domain.Tests", "TasksManager.Domain.Tests\TasksManager.Domain.Tests.csproj", "{07F49527-81B2-4C19-969A-157BA50A98AB}"
EndProject
Project("{FAE04EC0-301F-11D3-BF4B-00C04F79EFBC}") = "Tasks.Manager.Integration.Tests", "Tasks.Manager.Integration.Tests\Tasks.Manager.Integration.Tests.csproj", "{A47B40DA-5B13-49EB-A9D2-D1945FD499DE}"
EndProject
Global
	GlobalSection(SolutionConfigurationPlatforms) = preSolution
		Debug|Any CPU = Debug|Any CPU
		Release|Any CPU = Release|Any CPU
	EndGlobalSection
	GlobalSection(ProjectConfigurationPlatforms) = postSolution
		{D64BEF76-0813-4788-8A41-69AF8F880B07}.Debug|Any CPU.ActiveCfg = Debug|Any CPU
		{D64BEF76-0813-4788-8A41-69AF8F880B07}.Debug|Any CPU.Build.0 = Debug|Any CPU
		{D64BEF76-0813-4788-8A41-69AF8F880B07}.Release|Any CPU.ActiveCfg = Release|Any CPU
		{D64BEF76-0813-4788-8A41-69AF8F880B07}.Release|Any CPU.Build.0 = Release|Any CPU
		{689686E4-A485-428E-B614-16DF4C92A11A}.Debug|Any CPU.ActiveCfg = Debug|Any CPU
		{689686E4-A485-428E-B614-16DF4C92A11A}.Debug|Any CPU.Build.0 = Debug|Any CPU
		{689686E4-A485-428E-B614-16DF4C92A11A}.Release|Any CPU.ActiveCfg = Release|Any CPU
		{689686E4-A485-428E-B614-16DF4C92A11A}.Release|Any CPU.Build.0 = Release|Any CPU
		{383307C4-31C8-4781-A148-D2666ED55CCB}.Debug|Any CPU.ActiveCfg = Debug|Any CPU
		{383307C4-31C8-4781-A148-D2666ED55CCB}.Debug|Any CPU.Build.0 = Debug|Any CPU
		{383307C4-31C8-4781-A148-D2666ED55CCB}.Release|Any CPU.ActiveCfg = Release|Any CPU
		{383307C4-31C8-4781-A148-D2666ED55CCB}.Release|Any CPU.Build.0 = Release|Any CPU
		{73EFEEFB-B063-4244-91C6-53AE16BB491F}.Debug|Any CPU.ActiveCfg = Debug|Any CPU
		{73EFEEFB-B063-4244-91C6-53AE16BB491F}.Debug|Any CPU.Build.0 = Debug|Any CPU
		{73EFEEFB-B063-4244-91C6-53AE16BB491F}.Release|Any CPU.ActiveCfg = Release|Any CPU
		{73EFEEFB-B063-4244-91C6-53AE16BB491F}.Release|Any CPU.Build.0 = Release|Any CPU
		{A4D601DD-FE7A-4B25-8906-8BEEF452C92C}.Debug|Any CPU.ActiveCfg = Debug|Any CPU
		{A4D601DD-FE7A-4B25-8906-8BEEF452C92C}.Debug|Any CPU.Build.0 = Debug|Any CPU
		{A4D601DD-FE7A-4B25-8906-8BEEF452C92C}.Release|Any CPU.ActiveCfg = Release|Any CPU
		{A4D601DD-FE7A-4B25-8906-8BEEF452C92C}.Release|Any CPU.Build.0 = Release|Any CPU
		{FBFEF5F1-6B27-48B4-945D-443F14C887FA}.Debug|Any CPU.ActiveCfg = Debug|Any CPU
		{FBFEF5F1-6B27-48B4-945D-443F14C887FA}.Debug|Any CPU.Build.0 = Debug|Any CPU
		{FBFEF5F1-6B27-48B4-945D-443F14C887FA}.Release|Any CPU.ActiveCfg = Release|Any CPU
		{FBFEF5F1-6B27-48B4-945D-443F14C887FA}.Release|Any CPU.Build.0 = Release|Any CPU
		{ABD6A6A0-E45B-49DC-8E6B-9CCA0B590532}.Debug|Any CPU.ActiveCfg = Debug|Any CPU
		{ABD6A6A0-E45B-49DC-8E6B-9CCA0B590532}.Debug|Any CPU.Build.0 = Debug|Any CPU
		{ABD6A6A0-E45B-49DC-8E6B-9CCA0B590532}.Release|Any CPU.ActiveCfg = Release|Any CPU
		{ABD6A6A0-E45B-49DC-8E6B-9CCA0B590532}.Release|Any CPU.Build.0 = Release|Any CPU
		{07F49527-81B2-4C19-969A-157BA50A98AB}.Debug|Any CPU.ActiveCfg = Debug|Any CPU
		{07F49527-81B2-4C19-969A-157BA50A98AB}.Debug|Any CPU.Build.0 = Debug|Any CPU
		{07F49527-81B2-4C19-969A-157BA50A98AB}.Release|Any CPU.ActiveCfg = Release|Any CPU
		{07F49527-81B2-4C19-969A-157BA50A98AB}.Release|Any CPU.Build.0 = Release|Any CPU
		{A47B40DA-5B13-49EB-A9D2-D1945FD499DE}.Debug|Any CPU.ActiveCfg = Debug|Any CPU
		{A47B40DA-5B13-49EB-A9D2-D1945FD499DE}.Debug|Any CPU.Build.0 = Debug|Any CPU
		{A47B40DA-5B13-49EB-A9D2-D1945FD499DE}.Release|Any CPU.ActiveCfg = Release|Any CPU
		{A47B40DA-5B13-49EB-A9D2-D1945FD499DE}.Release|Any CPU.Build.0 = Release|Any CPU
	EndGlobalSection
	GlobalSection(SolutionProperties) = preSolution
		HideSolutionNode = FALSE
	EndGlobalSection
	GlobalSection(NestedProjects) = preSolution
		{D64BEF76-0813-4788-8A41-69AF8F880B07} = {8681E4F9-36A0-41DF-B77D-A3D4E7E14310}
		{55DF9459-A2B0-4A54-BA96-3B2ABA616032} = {261BAA47-A8B7-4F54-A506-875A775EE839}
		{538A3682-C14D-4D4E-8659-7FA2869DEC7B} = {261BAA47-A8B7-4F54-A506-875A775EE839}
		{689686E4-A485-428E-B614-16DF4C92A11A} = {538A3682-C14D-4D4E-8659-7FA2869DEC7B}
		{383307C4-31C8-4781-A148-D2666ED55CCB} = {431641AD-C5C5-4030-B12E-B5E3B6730EDE}
		{73EFEEFB-B063-4244-91C6-53AE16BB491F} = {55DF9459-A2B0-4A54-BA96-3B2ABA616032}
		{A4D601DD-FE7A-4B25-8906-8BEEF452C92C} = {538A3682-C14D-4D4E-8659-7FA2869DEC7B}
		{FBFEF5F1-6B27-48B4-945D-443F14C887FA} = {B880D168-1B90-4DD4-91D0-E305170245FE}
		{ABD6A6A0-E45B-49DC-8E6B-9CCA0B590532} = {538A3682-C14D-4D4E-8659-7FA2869DEC7B}
		{07F49527-81B2-4C19-969A-157BA50A98AB} = {897E5A52-50D0-4A6D-A019-727311B902CC}
		{A47B40DA-5B13-49EB-A9D2-D1945FD499DE} = {897E5A52-50D0-4A6D-A019-727311B902CC}
	EndGlobalSection
EndGlobal
